// !$*UTF8*$!
{
	archiveVersion = 1;
	classes = {
	};
	objectVersion = 46;
	objects = {

/* Begin PBXBuildFile section */
		1F9FB18F1CF3F675002BDF5E /* AppDelegate.swift in Sources */ = {isa = PBXBuildFile; fileRef = 1F9FB18E1CF3F675002BDF5E /* AppDelegate.swift */; };
		1F9FB1911CF3F675002BDF5E /* ViewController.swift in Sources */ = {isa = PBXBuildFile; fileRef = 1F9FB1901CF3F675002BDF5E /* ViewController.swift */; };
		1F9FB1941CF3F675002BDF5E /* Main.storyboard in Resources */ = {isa = PBXBuildFile; fileRef = 1F9FB1921CF3F675002BDF5E /* Main.storyboard */; };
		1F9FB1961CF3F675002BDF5E /* Assets.xcassets in Resources */ = {isa = PBXBuildFile; fileRef = 1F9FB1951CF3F675002BDF5E /* Assets.xcassets */; };
		1F9FB1991CF3F675002BDF5E /* LaunchScreen.storyboard in Resources */ = {isa = PBXBuildFile; fileRef = 1F9FB1971CF3F675002BDF5E /* LaunchScreen.storyboard */; };
		1F9FB1A41CF3F675002BDF5E /* FoodTrackerTests.swift in Sources */ = {isa = PBXBuildFile; fileRef = 1F9FB1A31CF3F675002BDF5E /* FoodTrackerTests.swift */; };
/* End PBXBuildFile section */

/* Begin PBXContainerItemProxy section */
		1F9FB1A01CF3F675002BDF5E /* PBXContainerItemProxy */ = {
			isa = PBXContainerItemProxy;
			containerPortal = 1F9FB1831CF3F674002BDF5E /* Project object */;
			proxyType = 1;
			remoteGlobalIDString = 1F9FB18A1CF3F675002BDF5E;
			remoteInfo = FoodTracker;
		};
/* End PBXContainerItemProxy section */

/* Begin PBXFileReference section */
		1F9FB18B1CF3F675002BDF5E /* FoodTracker.app */ = {isa = PBXFileReference; explicitFileType = wrapper.application; includeInIndex = 0; path = FoodTracker.app; sourceTree = BUILT_PRODUCTS_DIR; };
		1F9FB18E1CF3F675002BDF5E /* AppDelegate.swift */ = {isa = PBXFileReference; lastKnownFileType = sourcecode.swift; path = AppDelegate.swift; sourceTree = "<group>"; };
		1F9FB1901CF3F675002BDF5E /* ViewController.swift */ = {isa = PBXFileReference; lastKnownFileType = sourcecode.swift; path = ViewController.swift; sourceTree = "<group>"; };
		1F9FB1931CF3F675002BDF5E /* Base */ = {isa = PBXFileReference; lastKnownFileType = file.storyboard; name = Base; path = Base.lproj/Main.storyboard; sourceTree = "<group>"; };
		1F9FB1951CF3F675002BDF5E /* Assets.xcassets */ = {isa = PBXFileReference; lastKnownFileType = folder.assetcatalog; path = Assets.xcassets; sourceTree = "<group>"; };
		1F9FB1981CF3F675002BDF5E /* Base */ = {isa = PBXFileReference; lastKnownFileType = file.storyboard; name = Base; path = Base.lproj/LaunchScreen.storyboard; sourceTree = "<group>"; };
		1F9FB19A1CF3F675002BDF5E /* Info.plist */ = {isa = PBXFileReference; lastKnownFileType = text.plist.xml; path = Info.plist; sourceTree = "<group>"; };
		1F9FB19F1CF3F675002BDF5E /* FoodTrackerTests.xctest */ = {isa = PBXFileReference; explicitFileType = wrapper.cfbundle; includeInIndex = 0; path = FoodTrackerTests.xctest; sourceTree = BUILT_PRODUCTS_DIR; };
		1F9FB1A31CF3F675002BDF5E /* FoodTrackerTests.swift */ = {isa = PBXFileReference; lastKnownFileType = sourcecode.swift; path = FoodTrackerTests.swift; sourceTree = "<group>"; };
		1F9FB1A51CF3F675002BDF5E /* Info.plist */ = {isa = PBXFileReference; lastKnownFileType = text.plist.xml; path = Info.plist; sourceTree = "<group>"; };
/* End PBXFileReference section */

/* Begin PBXFrameworksBuildPhase section */
		1F9FB1881CF3F675002BDF5E /* Frameworks */ = {
			isa = PBXFrameworksBuildPhase;
			buildActionMask = 2147483647;
			files = (
			);
			runOnlyForDeploymentPostprocessing = 0;
		};
		1F9FB19C1CF3F675002BDF5E /* Frameworks */ = {
			isa = PBXFrameworksBuildPhase;
			buildActionMask = 2147483647;
			files = (
			);
			runOnlyForDeploymentPostprocessing = 0;
		};
/* End PBXFrameworksBuildPhase section */

/* Begin PBXGroup section */
		1F9FB1821CF3F674002BDF5E = {
			isa = PBXGroup;
			children = (
				1F9FB18D1CF3F675002BDF5E /* FoodTracker */,
				1F9FB1A21CF3F675002BDF5E /* FoodTrackerTests */,
				1F9FB18C1CF3F675002BDF5E /* Products */,
			);
			sourceTree = "<group>";
		};
		1F9FB18C1CF3F675002BDF5E /* Products */ = {
			isa = PBXGroup;
			children = (
				1F9FB18B1CF3F675002BDF5E /* FoodTracker.app */,
				1F9FB19F1CF3F675002BDF5E /* FoodTrackerTests.xctest */,
			);
			name = Products;
			sourceTree = "<group>";
		};
		1F9FB18D1CF3F675002BDF5E /* FoodTracker */ = {
			isa = PBXGroup;
			children = (
				1F9FB18E1CF3F675002BDF5E /* AppDelegate.swift */,
				1F9FB1901CF3F675002BDF5E /* ViewController.swift */,
				1F9FB1921CF3F675002BDF5E /* Main.storyboard */,
				1F9FB1951CF3F675002BDF5E /* Assets.xcassets */,
				1F9FB1971CF3F675002BDF5E /* LaunchScreen.storyboard */,
				1F9FB19A1CF3F675002BDF5E /* Info.plist */,
			);
			path = FoodTracker;
			sourceTree = "<group>";
		};
		1F9FB1A21CF3F675002BDF5E /* FoodTrackerTests */ = {
			isa = PBXGroup;
			children = (
				1F9FB1A31CF3F675002BDF5E /* FoodTrackerTests.swift */,
				1F9FB1A51CF3F675002BDF5E /* Info.plist */,
			);
			path = FoodTrackerTests;
			sourceTree = "<group>";
		};
/* End PBXGroup section */

/* Begin PBXNativeTarget section */
		1F9FB18A1CF3F675002BDF5E /* FoodTracker */ = {
			isa = PBXNativeTarget;
			buildConfigurationList = 1F9FB1A81CF3F675002BDF5E /* Build configuration list for PBXNativeTarget "FoodTracker" */;
			buildPhases = (
				1F9FB1871CF3F675002BDF5E /* Sources */,
				1F9FB1881CF3F675002BDF5E /* Frameworks */,
				1F9FB1891CF3F675002BDF5E /* Resources */,
			);
			buildRules = (
			);
			dependencies = (
			);
			name = FoodTracker;
			productName = FoodTracker;
			productReference = 1F9FB18B1CF3F675002BDF5E /* FoodTracker.app */;
			productType = "com.apple.product-type.application";
		};
		1F9FB19E1CF3F675002BDF5E /* FoodTrackerTests */ = {
			isa = PBXNativeTarget;
			buildConfigurationList = 1F9FB1AB1CF3F675002BDF5E /* Build configuration list for PBXNativeTarget "FoodTrackerTests" */;
			buildPhases = (
				1F9FB19B1CF3F675002BDF5E /* Sources */,
				1F9FB19C1CF3F675002BDF5E /* Frameworks */,
				1F9FB19D1CF3F675002BDF5E /* Resources */,
			);
			buildRules = (
			);
			dependencies = (
				1F9FB1A11CF3F675002BDF5E /* PBXTargetDependency */,
			);
			name = FoodTrackerTests;
			productName = FoodTrackerTests;
			productReference = 1F9FB19F1CF3F675002BDF5E /* FoodTrackerTests.xctest */;
			productType = "com.apple.product-type.bundle.unit-test";
		};
/* End PBXNativeTarget section */

/* Begin PBXProject section */
		1F9FB1831CF3F674002BDF5E /* Project object */ = {
			isa = PBXProject;
			attributes = {
				LastSwiftUpdateCheck = 0730;
				LastUpgradeCheck = 0730;
				ORGANIZATIONNAME = lcjingdi;
				TargetAttributes = {
					1F9FB18A1CF3F675002BDF5E = {
						CreatedOnToolsVersion = 7.3;
					};
					1F9FB19E1CF3F675002BDF5E = {
						CreatedOnToolsVersion = 7.3;
						TestTargetID = 1F9FB18A1CF3F675002BDF5E;
					};
				};
			};
			buildConfigurationList = 1F9FB1861CF3F674002BDF5E /* Build configuration list for PBXProject "FoodTracker" */;
			compatibilityVersion = "Xcode 3.2";
			developmentRegion = English;
			hasScannedForEncodings = 0;
			knownRegions = (
				en,
				Base,
			);
			mainGroup = 1F9FB1821CF3F674002BDF5E;
			productRefGroup = 1F9FB18C1CF3F675002BDF5E /* Products */;
			projectDirPath = "";
			projectRoot = "";
			targets = (
				1F9FB18A1CF3F675002BDF5E /* FoodTracker */,
				1F9FB19E1CF3F675002BDF5E /* FoodTrackerTests */,
			);
		};
/* End PBXProject section */

/* Begin PBXResourcesBuildPhase section */
		1F9FB1891CF3F675002BDF5E /* Resources */ = {
			isa = PBXResourcesBuildPhase;
			buildActionMask = 2147483647;
			files = (
				1F9FB1991CF3F675002BDF5E /* LaunchScreen.storyboard in Resources */,
				1F9FB1961CF3F675002BDF5E /* Assets.xcassets in Resources */,
				1F9FB1941CF3F675002BDF5E /* Main.storyboard in Resources */,
			);
			runOnlyForDeploymentPostprocessing = 0;
		};
		1F9FB19D1CF3F675002BDF5E /* Resources */ = {
			isa = PBXResourcesBuildPhase;
			buildActionMask = 2147483647;
			files = (
			);
			runOnlyForDeploymentPostprocessing = 0;
		};
/* End PBXResourcesBuildPhase section */

/* Begin PBXSourcesBuildPhase section */
		1F9FB1871CF3F675002BDF5E /* Sources */ = {
			isa = PBXSourcesBuildPhase;
			buildActionMask = 2147483647;
			files = (
				1F9FB1911CF3F675002BDF5E /* ViewController.swift in Sources */,
				1F9FB18F1CF3F675002BDF5E /* AppDelegate.swift in Sources */,
			);
			runOnlyForDeploymentPostprocessing = 0;
		};
		1F9FB19B1CF3F675002BDF5E /* Sources */ = {
			isa = PBXSourcesBuildPhase;
			buildActionMask = 2147483647;
			files = (
				1F9FB1A41CF3F675002BDF5E /* FoodTrackerTests.swift in Sources */,
			);
			runOnlyForDeploymentPostprocessing = 0;
		};
/* End PBXSourcesBuildPhase section */

/* Begin PBXTargetDependency section */
		1F9FB1A11CF3F675002BDF5E /* PBXTargetDependency */ = {
			isa = PBXTargetDependency;
			target = 1F9FB18A1CF3F675002BDF5E /* FoodTracker */;
			targetProxy = 1F9FB1A01CF3F675002BDF5E /* PBXContainerItemProxy */;
		};
/* End PBXTargetDependency section */

/* Begin PBXVariantGroup section */
		1F9FB1921CF3F675002BDF5E /* Main.storyboard */ = {
			isa = PBXVariantGroup;
			children = (
				1F9FB1931CF3F675002BDF5E /* Base */,
			);
			name = Main.storyboard;
			sourceTree = "<group>";
		};
		1F9FB1971CF3F675002BDF5E /* LaunchScreen.storyboard */ = {
			isa = PBXVariantGroup;
			children = (
				1F9FB1981CF3F675002BDF5E /* Base */,
			);
			name = LaunchScreen.storyboard;
			sourceTree = "<group>";
		};
/* End PBXVariantGroup section */

/* Begin XCBuildConfiguration section */
		1F9FB1A61CF3F675002BDF5E /* Debug */ = {
			isa = XCBuildConfiguration;
			buildSettings = {
				ALWAYS_SEARCH_USER_PATHS = NO;
				CLANG_ANALYZER_NONNULL = YES;
				CLANG_CXX_LANGUAGE_STANDARD = "gnu++0x";
				CLANG_CXX_LIBRARY = "libc++";
				CLANG_ENABLE_MODULES = YES;
				CLANG_ENABLE_OBJC_ARC = YES;
				CLANG_WARN_BOOL_CONVERSION = YES;
				CLANG_WARN_CONSTANT_CONVERSION = YES;
				CLANG_WARN_DIRECT_OBJC_ISA_USAGE = YES_ERROR;
				CLANG_WARN_EMPTY_BODY = YES;
				CLANG_WARN_ENUM_CONVERSION = YES;
				CLANG_WARN_INT_CONVERSION = YES;
				CLANG_WARN_OBJC_ROOT_CLASS = YES_ERROR;
				CLANG_WARN_UNREACHABLE_CODE = YES;
				CLANG_WARN__DUPLICATE_METHOD_MATCH = YES;
				"CODE_SIGN_IDENTITY[sdk=iphoneos*]" = "iPhone Developer";
				COPY_PHASE_STRIP = NO;
				DEBUG_INFORMATION_FORMAT = dwarf;
				ENABLE_STRICT_OBJC_MSGSEND = YES;
				ENABLE_TESTABILITY = YES;
				GCC_C_LANGUAGE_STANDARD = gnu99;
				GCC_DYNAMIC_NO_PIC = NO;
				GCC_NO_COMMON_BLOCKS = YES;
				GCC_OPTIMIZATION_LEVEL = 0;
				GCC_PREPROCESSOR_DEFINITIONS = (
					"DEBUG=1",
					"$(inherited)",
				);
				GCC_WARN_64_TO_32_BIT_CONVERSION = YES;
				GCC_WARN_ABOUT_RETURN_TYPE = YES_ERROR;
				GCC_WARN_UNDECLARED_SELECTOR = YES;
				GCC_WARN_UNINITIALIZED_AUTOS = YES_AGGRESSIVE;
				GCC_WARN_UNUSED_FUNCTION = YES;
				GCC_WARN_UNUSED_VARIABLE = YES;
				IPHONEOS_DEPLOYMENT_TARGET = 9.3;
				MTL_ENABLE_DEBUG_INFO = YES;
				ONLY_ACTIVE_ARCH = YES;
				SDKROOT = iphoneos;
				SWIFT_OPTIMIZATION_LEVEL = "-Onone";
				TARGETED_DEVICE_FAMILY = "1,2";
			};
			name = Debug;
		};
		1F9FB1A71CF3F675002BDF5E /* Release */ = {
			isa = XCBuildConfiguration;
			buildSettings = {
				ALWAYS_SEARCH_USER_PATHS = NO;
				CLANG_ANALYZER_NONNULL = YES;
				CLANG_CXX_LANGUAGE_STANDARD = "gnu++0x";
				CLANG_CXX_LIBRARY = "libc++";
				CLANG_ENABLE_MODULES = YES;
				CLANG_ENABLE_OBJC_ARC = YES;
				CLANG_WARN_BOOL_CONVERSION = YES;
				CLANG_WARN_CONSTANT_CONVERSION = YES;
				CLANG_WARN_DIRECT_OBJC_ISA_USAGE = YES_ERROR;
				CLANG_WARN_EMPTY_BODY = YES;
				CLANG_WARN_ENUM_CONVERSION = YES;
				CLANG_WARN_INT_CONVERSION = YES;
				CLANG_WARN_OBJC_ROOT_CLASS = YES_ERROR;
				CLANG_WARN_UNREACHABLE_CODE = YES;
				CLANG_WARN__DUPLICATE_METHOD_MATCH = YES;
				"CODE_SIGN_IDENTITY[sdk=iphoneos*]" = "iPhone Developer";
				COPY_PHASE_STRIP = NO;
				DEBUG_INFORMATION_FORMAT = "dwarf-with-dsym";
				ENABLE_NS_ASSERTIONS = NO;
				ENABLE_STRICT_OBJC_MSGSEND = YES;
				GCC_C_LANGUAGE_STANDARD = gnu99;
				GCC_NO_COMMON_BLOCKS = YES;
				GCC_WARN_64_TO_32_BIT_CONVERSION = YES;
				GCC_WARN_ABOUT_RETURN_TYPE = YES_ERROR;
				GCC_WARN_UNDECLARED_SELECTOR = YES;
				GCC_WARN_UNINITIALIZED_AUTOS = YES_AGGRESSIVE;
				GCC_WARN_UNUSED_FUNCTION = YES;
				GCC_WARN_UNUSED_VARIABLE = YES;
				IPHONEOS_DEPLOYMENT_TARGET = 9.3;
				MTL_ENABLE_DEBUG_INFO = NO;
				SDKROOT = iphoneos;
				TARGETED_DEVICE_FAMILY = "1,2";
				VALIDATE_PRODUCT = YES;
			};
			name = Release;
		};
		1F9FB1A91CF3F675002BDF5E /* Debug */ = {
			isa = XCBuildConfiguration;
			buildSettings = {
				ASSETCATALOG_COMPILER_APPICON_NAME = AppIcon;
				INFOPLIST_FILE = FoodTracker/Info.plist;
				LD_RUNPATH_SEARCH_PATHS = "$(inherited) @executable_path/Frameworks";
				PRODUCT_BUNDLE_IDENTIFIER = com.example.FoodTracker;
				PRODUCT_NAME = "$(TARGET_NAME)";
			};
			name = Debug;
		};
		1F9FB1AA1CF3F675002BDF5E /* Release */ = {
			isa = XCBuildConfiguration;
			buildSettings = {
				ASSETCATALOG_COMPILER_APPICON_NAME = AppIcon;
				INFOPLIST_FILE = FoodTracker/Info.plist;
				LD_RUNPATH_SEARCH_PATHS = "$(inherited) @executable_path/Frameworks";
				PRODUCT_BUNDLE_IDENTIFIER = com.example.FoodTracker;
				PRODUCT_NAME = "$(TARGET_NAME)";
			};
			name = Release;
		};
		1F9FB1AC1CF3F675002BDF5E /* Debug */ = {
			isa = XCBuildConfiguration;
			buildSettings = {
				BUNDLE_LOADER = "$(TEST_HOST)";
				INFOPLIST_FILE = FoodTrackerTests/Info.plist;
				LD_RUNPATH_SEARCH_PATHS = "$(inherited) @executable_path/Frameworks @loader_path/Frameworks";
				PRODUCT_BUNDLE_IDENTIFIER = com.example.FoodTrackerTests;
				PRODUCT_NAME = "$(TARGET_NAME)";
				TEST_HOST = "$(BUILT_PRODUCTS_DIR)/FoodTracker.app/FoodTracker";
			};
			name = Debug;
		};
		1F9FB1AD1CF3F675002BDF5E /* Release */ = {
			isa = XCBuildConfiguration;
			buildSettings = {
				BUNDLE_LOADER = "$(TEST_HOST)";
				INFOPLIST_FILE = FoodTrackerTests/Info.plist;
				LD_RUNPATH_SEARCH_PATHS = "$(inherited) @executable_path/Frameworks @loader_path/Frameworks";
				PRODUCT_BUNDLE_IDENTIFIER = com.example.FoodTrackerTests;
				PRODUCT_NAME = "$(TARGET_NAME)";
				TEST_HOST = "$(BUILT_PRODUCTS_DIR)/FoodTracker.app/FoodTracker";
			};
			name = Release;
		};
/* End XCBuildConfiguration section */

/* Begin XCConfigurationList section */
		1F9FB1861CF3F674002BDF5E /* Build configuration list for PBXProject "FoodTracker" */ = {
			isa = XCConfigurationList;
			buildConfigurations = (
				1F9FB1A61CF3F675002BDF5E /* Debug */,
				1F9FB1A71CF3F675002BDF5E /* Release */,
			);
			defaultConfigurationIsVisible = 0;
			defaultConfigurationName = Release;
		};
		1F9FB1A81CF3F675002BDF5E /* Build configuration list for PBXNativeTarget "FoodTracker" */ = {
			isa = XCConfigurationList;
			buildConfigurations = (
				1F9FB1A91CF3F675002BDF5E /* Debug */,
				1F9FB1AA1CF3F675002BDF5E /* Release */,
			);
			defaultConfigurationIsVisible = 0;
		};
		1F9FB1AB1CF3F675002BDF5E /* Build configuration list for PBXNativeTarget "FoodTrackerTests" */ = {
			isa = XCConfigurationList;
			buildConfigurations = (
				1F9FB1AC1CF3F675002BDF5E /* Debug */,
				1F9FB1AD1CF3F675002BDF5E /* Release */,
			);
			defaultConfigurationIsVisible = 0;
		};
/* End XCConfigurationList section */
	};
	rootObject = 1F9FB1831CF3F674002BDF5E /* Project object */;
}
